// !$*UTF8*$!
{
	archiveVersion = 1;
	classes = {
	};
	objectVersion = 46;
	objects = {

/* Begin PBXBuildFile section */
		F69208591F0AD50900E06B79 /* AppDelegate.swift in Sources */ = {isa = PBXBuildFile; fileRef = F69208581F0AD50900E06B79 /* AppDelegate.swift */; };
		F692085B1F0AD50900E06B79 /* ViewController.swift in Sources */ = {isa = PBXBuildFile; fileRef = F692085A1F0AD50900E06B79 /* ViewController.swift */; };
		F692085E1F0AD50900E06B79 /* Main.storyboard in Resources */ = {isa = PBXBuildFile; fileRef = F692085C1F0AD50900E06B79 /* Main.storyboard */; };
		F69208601F0AD50900E06B79 /* Assets.xcassets in Resources */ = {isa = PBXBuildFile; fileRef = F692085F1F0AD50900E06B79 /* Assets.xcassets */; };
		F69208631F0AD50900E06B79 /* LaunchScreen.storyboard in Resources */ = {isa = PBXBuildFile; fileRef = F69208611F0AD50900E06B79 /* LaunchScreen.storyboard */; };
		F69208711F0AD92C00E06B79 /* SecondVC.m in Sources */ = {isa = PBXBuildFile; fileRef = F69208701F0AD92C00E06B79 /* SecondVC.m */; };
/* End PBXBuildFile section */

/* Begin PBXFileReference section */
		F69208551F0AD50900E06B79 /* mySWIFTAPP.app */ = {isa = PBXFileReference; explicitFileType = wrapper.application; includeInIndex = 0; path = mySWIFTAPP.app; sourceTree = BUILT_PRODUCTS_DIR; };
		F69208581F0AD50900E06B79 /* AppDelegate.swift */ = {isa = PBXFileReference; lastKnownFileType = sourcecode.swift; path = AppDelegate.swift; sourceTree = "<group>"; };
		F692085A1F0AD50900E06B79 /* ViewController.swift */ = {isa = PBXFileReference; lastKnownFileType = sourcecode.swift; path = ViewController.swift; sourceTree = "<group>"; };
		F692085D1F0AD50900E06B79 /* Base */ = {isa = PBXFileReference; lastKnownFileType = file.storyboard; name = Base; path = Base.lproj/Main.storyboard; sourceTree = "<group>"; };
		F692085F1F0AD50900E06B79 /* Assets.xcassets */ = {isa = PBXFileReference; lastKnownFileType = folder.assetcatalog; path = Assets.xcassets; sourceTree = "<group>"; };
		F69208621F0AD50900E06B79 /* Base */ = {isa = PBXFileReference; lastKnownFileType = file.storyboard; name = Base; path = Base.lproj/LaunchScreen.storyboard; sourceTree = "<group>"; };
		F69208641F0AD50900E06B79 /* Info.plist */ = {isa = PBXFileReference; lastKnownFileType = text.plist.xml; path = Info.plist; sourceTree = "<group>"; };
		F692086E1F0AD84A00E06B79 /* mySWIFTAPP-Bridging-Header.h */ = {isa = PBXFileReference; lastKnownFileType = sourcecode.c.h; path = "mySWIFTAPP-Bridging-Header.h"; sourceTree = "<group>"; };
		F692086F1F0AD92C00E06B79 /* SecondVC.h */ = {isa = PBXFileReference; fileEncoding = 4; lastKnownFileType = sourcecode.c.h; path = SecondVC.h; sourceTree = "<group>"; };
		F69208701F0AD92C00E06B79 /* SecondVC.m */ = {isa = PBXFileReference; fileEncoding = 4; lastKnownFileType = sourcecode.c.objc; path = SecondVC.m; sourceTree = "<group>"; };
/* End PBXFileReference section */

/* Begin PBXFrameworksBuildPhase section */
		F69208521F0AD50900E06B79 /* Frameworks */ = {
			isa = PBXFrameworksBuildPhase;
			buildActionMask = 2147483647;
			files = (
			);
			runOnlyForDeploymentPostprocessing = 0;
		};
/* End PBXFrameworksBuildPhase section */

/* Begin PBXGroup section */
		F683EDBC1F3F3CA800ACA71B /* objective-C */ = {
			isa = PBXGroup;
			children = (
				F692086F1F0AD92C00E06B79 /* SecondVC.h */,
				F69208701F0AD92C00E06B79 /* SecondVC.m */,
			);
			name = "objective-C";
			sourceTree = "<group>";
		};
		F692084C1F0AD50900E06B79 = {
			isa = PBXGroup;
			children = (
				F69208571F0AD50900E06B79 /* mySWIFTAPP */,
				F69208561F0AD50900E06B79 /* Products */,
			);
			sourceTree = "<group>";
		};
		F69208561F0AD50900E06B79 /* Products */ = {
			isa = PBXGroup;
			children = (
				F69208551F0AD50900E06B79 /* mySWIFTAPP.app */,
			);
			name = Products;
			sourceTree = "<group>";
		};
		F69208571F0AD50900E06B79 /* mySWIFTAPP */ = {
			isa = PBXGroup;
			children = (
				F683EDBC1F3F3CA800ACA71B /* objective-C */,
				F69208581F0AD50900E06B79 /* AppDelegate.swift */,
				F692085A1F0AD50900E06B79 /* ViewController.swift */,
				F692085C1F0AD50900E06B79 /* Main.storyboard */,
				F692085F1F0AD50900E06B79 /* Assets.xcassets */,
				F69208611F0AD50900E06B79 /* LaunchScreen.storyboard */,
				F69208641F0AD50900E06B79 /* Info.plist */,
				F692086E1F0AD84A00E06B79 /* mySWIFTAPP-Bridging-Header.h */,
			);
			path = mySWIFTAPP;
			sourceTree = "<group>";
		};
/* End PBXGroup section */

/* Begin PBXNativeTarget section */
		F69208541F0AD50900E06B79 /* mySWIFTAPP */ = {
			isa = PBXNativeTarget;
			buildConfigurationList = F69208671F0AD50900E06B79 /* Build configuration list for PBXNativeTarget "mySWIFTAPP" */;
			buildPhases = (
				F69208511F0AD50900E06B79 /* Sources */,
				F69208521F0AD50900E06B79 /* Frameworks */,
				F69208531F0AD50900E06B79 /* Resources */,
			);
			buildRules = (
			);
			dependencies = (
			);
			name = mySWIFTAPP;
			productName = mySWIFTAPP;
			productReference = F69208551F0AD50900E06B79 /* mySWIFTAPP.app */;
			productType = "com.apple.product-type.application";
		};
/* End PBXNativeTarget section */

/* Begin PBXProject section */
		F692084D1F0AD50900E06B79 /* Project object */ = {
			isa = PBXProject;
			attributes = {
				LastSwiftUpdateCheck = 0830;
				LastUpgradeCheck = 0830;
				ORGANIZATIONNAME = MiguelRochaJr;
				TargetAttributes = {
					F69208541F0AD50900E06B79 = {
						CreatedOnToolsVersion = 8.3.3;
						DevelopmentTeam = 4V9M5QNB99;
						ProvisioningStyle = Automatic;
					};
				};
			};
			buildConfigurationList = F69208501F0AD50900E06B79 /* Build configuration list for PBXProject "mySWIFTAPP" */;
			compatibilityVersion = "Xcode 3.2";
			developmentRegion = English;
			hasScannedForEncodings = 0;
			knownRegions = (
				en,
				Base,
			);
			mainGroup = F692084C1F0AD50900E06B79;
			productRefGroup = F69208561F0AD50900E06B79 /* Products */;
			projectDirPath = "";
			projectRoot = "";
			targets = (
				F69208541F0AD50900E06B79 /* mySWIFTAPP */,
			);
		};
/* End PBXProject section */

/* Begin PBXResourcesBuildPhase section */
		F69208531F0AD50900E06B79 /* Resources */ = {
			isa = PBXResourcesBuildPhase;
			buildActionMask = 2147483647;
			files = (
				F69208631F0AD50900E06B79 /* LaunchScreen.storyboard in Resources */,
				F69208601F0AD50900E06B79 /* Assets.xcassets in Resources */,
				F692085E1F0AD50900E06B79 /* Main.storyboard in Resources */,
			);
			runOnlyForDeploymentPostprocessing = 0;
		};
/* End PBXResourcesBuildPhase section */

/* Begin PBXSourcesBuildPhase section */
		F69208511F0AD50900E06B79 /* Sources */ = {
			isa = PBXSourcesBuildPhase;
			buildActionMask = 2147483647;
			files = (
				F692085B1F0AD50900E06B79 /* ViewController.swift in Sources */,
				F69208711F0AD92C00E06B79 /* SecondVC.m in Sources */,
				F69208591F0AD50900E06B79 /* AppDelegate.swift in Sources */,
			);
			runOnlyForDeploymentPostprocessing = 0;
		};
/* End PBXSourcesBuildPhase section */

/* Begin PBXVariantGroup section */
		F692085C1F0AD50900E06B79 /* Main.storyboard */ = {
			isa = PBXVariantGroup;
			children = (
				F692085D1F0AD50900E06B79 /* Base */,
			);
			name = Main.storyboard;
			sourceTree = "<group>";
		};
		F69208611F0AD50900E06B79 /* LaunchScreen.storyboard */ = {
			isa = PBXVariantGroup;
			children = (
				F69208621F0AD50900E06B79 /* Base */,
			);
			name = LaunchScreen.storyboard;
			sourceTree = "<group>";
		};
/* End PBXVariantGroup section */

/* Begin XCBuildConfiguration section */
		F69208651F0AD50900E06B79 /* Debug */ = {
			isa = XCBuildConfiguration;
			buildSettings = {
				ALWAYS_SEARCH_USER_PATHS = NO;
				CLANG_ANALYZER_NONNULL = YES;
				CLANG_ANALYZER_NUMBER_OBJECT_CONVERSION = YES_AGGRESSIVE;
				CLANG_CXX_LANGUAGE_STANDARD = "gnu++0x";
				CLANG_CXX_LIBRARY = "libc++";
				CLANG_ENABLE_MODULES = YES;
				CLANG_ENABLE_OBJC_ARC = YES;
				CLANG_WARN_BOOL_CONVERSION = YES;
				CLANG_WARN_CONSTANT_CONVERSION = YES;
				CLANG_WARN_DIRECT_OBJC_ISA_USAGE = YES_ERROR;
				CLANG_WARN_DOCUMENTATION_COMMENTS = YES;
				CLANG_WARN_EMPTY_BODY = YES;
				CLANG_WARN_ENUM_CONVERSION = YES;
				CLANG_WARN_INFINITE_RECURSION = YES;
				CLANG_WARN_INT_CONVERSION = YES;
				CLANG_WARN_OBJC_ROOT_CLASS = YES_ERROR;
				CLANG_WARN_SUSPICIOUS_MOVE = YES;
				CLANG_WARN_UNREACHABLE_CODE = YES;
				CLANG_WARN__DUPLICATE_METHOD_MATCH = YES;
				"CODE_SIGN_IDENTITY[sdk=iphoneos*]" = "iPhone Developer";
				COPY_PHASE_STRIP = NO;
				DEBUG_INFORMATION_FORMAT = dwarf;
				ENABLE_STRICT_OBJC_MSGSEND = YES;
				ENABLE_TESTABILITY = YES;
				GCC_C_LANGUAGE_STANDARD = gnu99;
				GCC_DYNAMIC_NO_PIC = NO;
				GCC_NO_COMMON_BLOCKS = YES;
				GCC_OPTIMIZATION_LEVEL = 0;
				GCC_PREPROCESSOR_DEFINITIONS = (
					"DEBUG=1",
					"$(inherited)",
				);
				GCC_WARN_64_TO_32_BIT_CONVERSION = YES;
				GCC_WARN_ABOUT_RETURN_TYPE = YES_ERROR;
				GCC_WARN_UNDECLARED_SELECTOR = YES;
				GCC_WARN_UNINITIALIZED_AUTOS = YES_AGGRESSIVE;
				GCC_WARN_UNUSED_FUNCTION = YES;
				GCC_WARN_UNUSED_VARIABLE = YES;
				IPHONEOS_DEPLOYMENT_TARGET = 10.3;
				MTL_ENABLE_DEBUG_INFO = YES;
				ONLY_ACTIVE_ARCH = YES;
				SDKROOT = iphoneos;
				SWIFT_ACTIVE_COMPILATION_CONDITIONS = DEBUG;
				SWIFT_OPTIMIZATION_LEVEL = "-Onone";
				TARGETED_DEVICE_FAMILY = "1,2";
			};
			name = Debug;
		};
		F69208661F0AD50900E06B79 /* Release */ = {
			isa = XCBuildConfiguration;
			buildSettings = {
				ALWAYS_SEARCH_USER_PATHS = NO;
				CLANG_ANALYZER_NONNULL = YES;
				CLANG_ANALYZER_NUMBER_OBJECT_CONVERSION = YES_AGGRESSIVE;
				CLANG_CXX_LANGUAGE_STANDARD = "gnu++0x";
				CLANG_CXX_LIBRARY = "libc++";
				CLANG_ENABLE_MODULES = YES;
				CLANG_ENABLE_OBJC_ARC = YES;
				CLANG_WARN_BOOL_CONVERSION = YES;
				CLANG_WARN_CONSTANT_CONVERSION = YES;
				CLANG_WARN_DIRECT_OBJC_ISA_USAGE = YES_ERROR;
				CLANG_WARN_DOCUMENTATION_COMMENTS = YES;
				CLANG_WARN_EMPTY_BODY = YES;
				CLANG_WARN_ENUM_CONVERSION = YES;
				CLANG_WARN_INFINITE_RECURSION = YES;
				CLANG_WARN_INT_CONVERSION = YES;
				CLANG_WARN_OBJC_ROOT_CLASS = YES_ERROR;
				CLANG_WARN_SUSPICIOUS_MOVE = YES;
				CLANG_WARN_UNREACHABLE_CODE = YES;
				CLANG_WARN__DUPLICATE_METHOD_MATCH = YES;
				"CODE_SIGN_IDENTITY[sdk=iphoneos*]" = "iPhone Developer";
				COPY_PHASE_STRIP = NO;
				DEBUG_INFORMATION_FORMAT = "dwarf-with-dsym";
				ENABLE_NS_ASSERTIONS = NO;
				ENABLE_STRICT_OBJC_MSGSEND = YES;
				GCC_C_LANGUAGE_STANDARD = gnu99;
				GCC_NO_COMMON_BLOCKS = YES;
				GCC_WARN_64_TO_32_BIT_CONVERSION = YES;
				GCC_WARN_ABOUT_RETURN_TYPE = YES_ERROR;
				GCC_WARN_UNDECLARED_SELECTOR = YES;
				GCC_WARN_UNINITIALIZED_AUTOS = YES_AGGRESSIVE;
				GCC_WARN_UNUSED_FUNCTION = YES;
				GCC_WARN_UNUSED_VARIABLE = YES;
				IPHONEOS_DEPLOYMENT_TARGET = 10.3;
				MTL_ENABLE_DEBUG_INFO = NO;
				SDKROOT = iphoneos;
				SWIFT_OPTIMIZATION_LEVEL = "-Owholemodule";
				TARGETED_DEVICE_FAMILY = "1,2";
				VALIDATE_PRODUCT = YES;
			};
			name = Release;
		};
		F69208681F0AD50900E06B79 /* Debug */ = {
			isa = XCBuildConfiguration;
			buildSettings = {
				ASSETCATALOG_COMPILER_APPICON_NAME = AppIcon;
				DEVELOPMENT_TEAM = 4V9M5QNB99;
				INFOPLIST_FILE = mySWIFTAPP/Info.plist;
				LD_RUNPATH_SEARCH_PATHS = "$(inherited) @executable_path/Frameworks";
				PRODUCT_BUNDLE_IDENTIFIER = MiguelRochaJr.mySWIFTAPP;
				PRODUCT_NAME = "$(TARGET_NAME)";
				SWIFT_OBJC_BRIDGING_HEADER = "mySWIFTAPP/mySWIFTAPP-Bridging-Header.h";
				SWIFT_VERSION = 3.0;
			};
			name = Debug;
		};
		F69208691F0AD50900E06B79 /* Release */ = {
			isa = XCBuildConfiguration;
			buildSettings = {
				ASSETCATALOG_COMPILER_APPICON_NAME = AppIcon;
				DEVELOPMENT_TEAM = 4V9M5QNB99;
				INFOPLIST_FILE = mySWIFTAPP/Info.plist;
				LD_RUNPATH_SEARCH_PATHS = "$(inherited) @executable_path/Frameworks";
				PRODUCT_BUNDLE_IDENTIFIER = MiguelRochaJr.mySWIFTAPP;
				PRODUCT_NAME = "$(TARGET_NAME)";
				SWIFT_OBJC_BRIDGING_HEADER = "mySWIFTAPP/mySWIFTAPP-Bridging-Header.h";
				SWIFT_VERSION = 3.0;
			};
			name = Release;
		};
/* End XCBuildConfiguration section */

/* Begin XCConfigurationList section */
		F69208501F0AD50900E06B79 /* Build configuration list for PBXProject "mySWIFTAPP" */ = {
			isa = XCConfigurationList;
			buildConfigurations = (
				F69208651F0AD50900E06B79 /* Debug */,
				F69208661F0AD50900E06B79 /* Release */,
			);
			defaultConfigurationIsVisible = 0;
			defaultConfigurationName = Release;
		};
		F69208671F0AD50900E06B79 /* Build configuration list for PBXNativeTarget "mySWIFTAPP" */ = {
			isa = XCConfigurationList;
			buildConfigurations = (
				F69208681F0AD50900E06B79 /* Debug */,
				F69208691F0AD50900E06B79 /* Release */,
			);
			defaultConfigurationIsVisible = 0;
			defaultConfigurationName = Release;
		};
/* End XCConfigurationList section */
	};
	rootObject = F692084D1F0AD50900E06B79 /* Project object */;
}
