// !$*UTF8*$!
{
	archiveVersion = 1;
	classes = {
	};
	objectVersion = 46;
	objects = {

/* Begin PBXBuildFile section */
		F658F5AE1F34F12200BB5DCB /* AppDelegate.swift in Sources */ = {isa = PBXBuildFile; fileRef = F658F5AD1F34F12200BB5DCB /* AppDelegate.swift */; };
		F658F5B01F34F12200BB5DCB /* ViewController.swift in Sources */ = {isa = PBXBuildFile; fileRef = F658F5AF1F34F12200BB5DCB /* ViewController.swift */; };
		F658F5B31F34F12200BB5DCB /* Main.storyboard in Resources */ = {isa = PBXBuildFile; fileRef = F658F5B11F34F12200BB5DCB /* Main.storyboard */; };
		F658F5B51F34F12200BB5DCB /* Assets.xcassets in Resources */ = {isa = PBXBuildFile; fileRef = F658F5B41F34F12200BB5DCB /* Assets.xcassets */; };
		F658F5B81F34F12200BB5DCB /* LaunchScreen.storyboard in Resources */ = {isa = PBXBuildFile; fileRef = F658F5B61F34F12200BB5DCB /* LaunchScreen.storyboard */; };
/* End PBXBuildFile section */

/* Begin PBXFileReference section */
		F658F5AA1F34F12200BB5DCB /* BluetoothTutorial.app */ = {isa = PBXFileReference; explicitFileType = wrapper.application; includeInIndex = 0; path = BluetoothTutorial.app; sourceTree = BUILT_PRODUCTS_DIR; };
		F658F5AD1F34F12200BB5DCB /* AppDelegate.swift */ = {isa = PBXFileReference; lastKnownFileType = sourcecode.swift; path = AppDelegate.swift; sourceTree = "<group>"; };
		F658F5AF1F34F12200BB5DCB /* ViewController.swift */ = {isa = PBXFileReference; lastKnownFileType = sourcecode.swift; path = ViewController.swift; sourceTree = "<group>"; };
		F658F5B21F34F12200BB5DCB /* Base */ = {isa = PBXFileReference; lastKnownFileType = file.storyboard; name = Base; path = Base.lproj/Main.storyboard; sourceTree = "<group>"; };
		F658F5B41F34F12200BB5DCB /* Assets.xcassets */ = {isa = PBXFileReference; lastKnownFileType = folder.assetcatalog; path = Assets.xcassets; sourceTree = "<group>"; };
		F658F5B71F34F12200BB5DCB /* Base */ = {isa = PBXFileReference; lastKnownFileType = file.storyboard; name = Base; path = Base.lproj/LaunchScreen.storyboard; sourceTree = "<group>"; };
		F658F5B91F34F12200BB5DCB /* Info.plist */ = {isa = PBXFileReference; lastKnownFileType = text.plist.xml; path = Info.plist; sourceTree = "<group>"; };
/* End PBXFileReference section */

/* Begin PBXFrameworksBuildPhase section */
		F658F5A71F34F12200BB5DCB /* Frameworks */ = {
			isa = PBXFrameworksBuildPhase;
			buildActionMask = 2147483647;
			files = (
			);
			runOnlyForDeploymentPostprocessing = 0;
		};
/* End PBXFrameworksBuildPhase section */

/* Begin PBXGroup section */
		F658F5A11F34F12200BB5DCB = {
			isa = PBXGroup;
			children = (
				F658F5AC1F34F12200BB5DCB /* BluetoothTutorial */,
				F658F5AB1F34F12200BB5DCB /* Products */,
			);
			sourceTree = "<group>";
		};
		F658F5AB1F34F12200BB5DCB /* Products */ = {
			isa = PBXGroup;
			children = (
				F658F5AA1F34F12200BB5DCB /* BluetoothTutorial.app */,
			);
			name = Products;
			sourceTree = "<group>";
		};
		F658F5AC1F34F12200BB5DCB /* BluetoothTutorial */ = {
			isa = PBXGroup;
			children = (
				F658F5AD1F34F12200BB5DCB /* AppDelegate.swift */,
				F658F5AF1F34F12200BB5DCB /* ViewController.swift */,
				F658F5B11F34F12200BB5DCB /* Main.storyboard */,
				F658F5B41F34F12200BB5DCB /* Assets.xcassets */,
				F658F5B61F34F12200BB5DCB /* LaunchScreen.storyboard */,
				F658F5B91F34F12200BB5DCB /* Info.plist */,
			);
			path = BluetoothTutorial;
			sourceTree = "<group>";
		};
/* End PBXGroup section */

/* Begin PBXNativeTarget section */
		F658F5A91F34F12200BB5DCB /* BluetoothTutorial */ = {
			isa = PBXNativeTarget;
			buildConfigurationList = F658F5BC1F34F12200BB5DCB /* Build configuration list for PBXNativeTarget "BluetoothTutorial" */;
			buildPhases = (
				F658F5A61F34F12200BB5DCB /* Sources */,
				F658F5A71F34F12200BB5DCB /* Frameworks */,
				F658F5A81F34F12200BB5DCB /* Resources */,
			);
			buildRules = (
			);
			dependencies = (
			);
			name = BluetoothTutorial;
			productName = BluetoothTutorial;
			productReference = F658F5AA1F34F12200BB5DCB /* BluetoothTutorial.app */;
			productType = "com.apple.product-type.application";
		};
/* End PBXNativeTarget section */

/* Begin PBXProject section */
		F658F5A21F34F12200BB5DCB /* Project object */ = {
			isa = PBXProject;
			attributes = {
				LastSwiftUpdateCheck = 0830;
				LastUpgradeCheck = 0830;
				ORGANIZATIONNAME = MiguelRochaJr;
				TargetAttributes = {
					F658F5A91F34F12200BB5DCB = {
						CreatedOnToolsVersion = 8.3.3;
						DevelopmentTeam = 4V9M5QNB99;
						ProvisioningStyle = Automatic;
					};
				};
			};
			buildConfigurationList = F658F5A51F34F12200BB5DCB /* Build configuration list for PBXProject "BluetoothTutorial" */;
			compatibilityVersion = "Xcode 3.2";
			developmentRegion = English;
			hasScannedForEncodings = 0;
			knownRegions = (
				en,
				Base,
			);
			mainGroup = F658F5A11F34F12200BB5DCB;
			productRefGroup = F658F5AB1F34F12200BB5DCB /* Products */;
			projectDirPath = "";
			projectRoot = "";
			targets = (
				F658F5A91F34F12200BB5DCB /* BluetoothTutorial */,
			);
		};
/* End PBXProject section */

/* Begin PBXResourcesBuildPhase section */
		F658F5A81F34F12200BB5DCB /* Resources */ = {
			isa = PBXResourcesBuildPhase;
			buildActionMask = 2147483647;
			files = (
				F658F5B81F34F12200BB5DCB /* LaunchScreen.storyboard in Resources */,
				F658F5B51F34F12200BB5DCB /* Assets.xcassets in Resources */,
				F658F5B31F34F12200BB5DCB /* Main.storyboard in Resources */,
			);
			runOnlyForDeploymentPostprocessing = 0;
		};
/* End PBXResourcesBuildPhase section */

/* Begin PBXSourcesBuildPhase section */
		F658F5A61F34F12200BB5DCB /* Sources */ = {
			isa = PBXSourcesBuildPhase;
			buildActionMask = 2147483647;
			files = (
				F658F5B01F34F12200BB5DCB /* ViewController.swift in Sources */,
				F658F5AE1F34F12200BB5DCB /* AppDelegate.swift in Sources */,
			);
			runOnlyForDeploymentPostprocessing = 0;
		};
/* End PBXSourcesBuildPhase section */

/* Begin PBXVariantGroup section */
		F658F5B11F34F12200BB5DCB /* Main.storyboard */ = {
			isa = PBXVariantGroup;
			children = (
				F658F5B21F34F12200BB5DCB /* Base */,
			);
			name = Main.storyboard;
			sourceTree = "<group>";
		};
		F658F5B61F34F12200BB5DCB /* LaunchScreen.storyboard */ = {
			isa = PBXVariantGroup;
			children = (
				F658F5B71F34F12200BB5DCB /* Base */,
			);
			name = LaunchScreen.storyboard;
			sourceTree = "<group>";
		};
/* End PBXVariantGroup section */

/* Begin XCBuildConfiguration section */
		F658F5BA1F34F12200BB5DCB /* Debug */ = {
			isa = XCBuildConfiguration;
			buildSettings = {
				ALWAYS_SEARCH_USER_PATHS = NO;
				CLANG_ANALYZER_NONNULL = YES;
				CLANG_ANALYZER_NUMBER_OBJECT_CONVERSION = YES_AGGRESSIVE;
				CLANG_CXX_LANGUAGE_STANDARD = "gnu++0x";
				CLANG_CXX_LIBRARY = "libc++";
				CLANG_ENABLE_MODULES = YES;
				CLANG_ENABLE_OBJC_ARC = YES;
				CLANG_WARN_BOOL_CONVERSION = YES;
				CLANG_WARN_CONSTANT_CONVERSION = YES;
				CLANG_WARN_DIRECT_OBJC_ISA_USAGE = YES_ERROR;
				CLANG_WARN_DOCUMENTATION_COMMENTS = YES;
				CLANG_WARN_EMPTY_BODY = YES;
				CLANG_WARN_ENUM_CONVERSION = YES;
				CLANG_WARN_INFINITE_RECURSION = YES;
				CLANG_WARN_INT_CONVERSION = YES;
				CLANG_WARN_OBJC_ROOT_CLASS = YES_ERROR;
				CLANG_WARN_SUSPICIOUS_MOVE = YES;
				CLANG_WARN_UNREACHABLE_CODE = YES;
				CLANG_WARN__DUPLICATE_METHOD_MATCH = YES;
				"CODE_SIGN_IDENTITY[sdk=iphoneos*]" = "iPhone Developer";
				COPY_PHASE_STRIP = NO;
				DEBUG_INFORMATION_FORMAT = dwarf;
				ENABLE_STRICT_OBJC_MSGSEND = YES;
				ENABLE_TESTABILITY = YES;
				GCC_C_LANGUAGE_STANDARD = gnu99;
				GCC_DYNAMIC_NO_PIC = NO;
				GCC_NO_COMMON_BLOCKS = YES;
				GCC_OPTIMIZATION_LEVEL = 0;
				GCC_PREPROCESSOR_DEFINITIONS = (
					"DEBUG=1",
					"$(inherited)",
				);
				GCC_WARN_64_TO_32_BIT_CONVERSION = YES;
				GCC_WARN_ABOUT_RETURN_TYPE = YES_ERROR;
				GCC_WARN_UNDECLARED_SELECTOR = YES;
				GCC_WARN_UNINITIALIZED_AUTOS = YES_AGGRESSIVE;
				GCC_WARN_UNUSED_FUNCTION = YES;
				GCC_WARN_UNUSED_VARIABLE = YES;
				IPHONEOS_DEPLOYMENT_TARGET = 10.3;
				MTL_ENABLE_DEBUG_INFO = YES;
				ONLY_ACTIVE_ARCH = YES;
				SDKROOT = iphoneos;
				SWIFT_ACTIVE_COMPILATION_CONDITIONS = DEBUG;
				SWIFT_OPTIMIZATION_LEVEL = "-Onone";
				TARGETED_DEVICE_FAMILY = "1,2";
			};
			name = Debug;
		};
		F658F5BB1F34F12200BB5DCB /* Release */ = {
			isa = XCBuildConfiguration;
			buildSettings = {
				ALWAYS_SEARCH_USER_PATHS = NO;
				CLANG_ANALYZER_NONNULL = YES;
				CLANG_ANALYZER_NUMBER_OBJECT_CONVERSION = YES_AGGRESSIVE;
				CLANG_CXX_LANGUAGE_STANDARD = "gnu++0x";
				CLANG_CXX_LIBRARY = "libc++";
				CLANG_ENABLE_MODULES = YES;
				CLANG_ENABLE_OBJC_ARC = YES;
				CLANG_WARN_BOOL_CONVERSION = YES;
				CLANG_WARN_CONSTANT_CONVERSION = YES;
				CLANG_WARN_DIRECT_OBJC_ISA_USAGE = YES_ERROR;
				CLANG_WARN_DOCUMENTATION_COMMENTS = YES;
				CLANG_WARN_EMPTY_BODY = YES;
				CLANG_WARN_ENUM_CONVERSION = YES;
				CLANG_WARN_INFINITE_RECURSION = YES;
				CLANG_WARN_INT_CONVERSION = YES;
				CLANG_WARN_OBJC_ROOT_CLASS = YES_ERROR;
				CLANG_WARN_SUSPICIOUS_MOVE = YES;
				CLANG_WARN_UNREACHABLE_CODE = YES;
				CLANG_WARN__DUPLICATE_METHOD_MATCH = YES;
				"CODE_SIGN_IDENTITY[sdk=iphoneos*]" = "iPhone Developer";
				COPY_PHASE_STRIP = NO;
				DEBUG_INFORMATION_FORMAT = "dwarf-with-dsym";
				ENABLE_NS_ASSERTIONS = NO;
				ENABLE_STRICT_OBJC_MSGSEND = YES;
				GCC_C_LANGUAGE_STANDARD = gnu99;
				GCC_NO_COMMON_BLOCKS = YES;
				GCC_WARN_64_TO_32_BIT_CONVERSION = YES;
				GCC_WARN_ABOUT_RETURN_TYPE = YES_ERROR;
				GCC_WARN_UNDECLARED_SELECTOR = YES;
				GCC_WARN_UNINITIALIZED_AUTOS = YES_AGGRESSIVE;
				GCC_WARN_UNUSED_FUNCTION = YES;
				GCC_WARN_UNUSED_VARIABLE = YES;
				IPHONEOS_DEPLOYMENT_TARGET = 10.3;
				MTL_ENABLE_DEBUG_INFO = NO;
				SDKROOT = iphoneos;
				SWIFT_OPTIMIZATION_LEVEL = "-Owholemodule";
				TARGETED_DEVICE_FAMILY = "1,2";
				VALIDATE_PRODUCT = YES;
			};
			name = Release;
		};
		F658F5BD1F34F12200BB5DCB /* Debug */ = {
			isa = XCBuildConfiguration;
			buildSettings = {
				ASSETCATALOG_COMPILER_APPICON_NAME = AppIcon;
				DEVELOPMENT_TEAM = 4V9M5QNB99;
				INFOPLIST_FILE = BluetoothTutorial/Info.plist;
				LD_RUNPATH_SEARCH_PATHS = "$(inherited) @executable_path/Frameworks";
				PRODUCT_BUNDLE_IDENTIFIER = MiguelRochaJr.BluetoothTutorial;
				PRODUCT_NAME = "$(TARGET_NAME)";
				SWIFT_VERSION = 3.0;
			};
			name = Debug;
		};
		F658F5BE1F34F12200BB5DCB /* Release */ = {
			isa = XCBuildConfiguration;
			buildSettings = {
				ASSETCATALOG_COMPILER_APPICON_NAME = AppIcon;
				DEVELOPMENT_TEAM = 4V9M5QNB99;
				INFOPLIST_FILE = BluetoothTutorial/Info.plist;
				LD_RUNPATH_SEARCH_PATHS = "$(inherited) @executable_path/Frameworks";
				PRODUCT_BUNDLE_IDENTIFIER = MiguelRochaJr.BluetoothTutorial;
				PRODUCT_NAME = "$(TARGET_NAME)";
				SWIFT_VERSION = 3.0;
			};
			name = Release;
		};
/* End XCBuildConfiguration section */

/* Begin XCConfigurationList section */
		F658F5A51F34F12200BB5DCB /* Build configuration list for PBXProject "BluetoothTutorial" */ = {
			isa = XCConfigurationList;
			buildConfigurations = (
				F658F5BA1F34F12200BB5DCB /* Debug */,
				F658F5BB1F34F12200BB5DCB /* Release */,
			);
			defaultConfigurationIsVisible = 0;
			defaultConfigurationName = Release;
		};
		F658F5BC1F34F12200BB5DCB /* Build configuration list for PBXNativeTarget "BluetoothTutorial" */ = {
			isa = XCConfigurationList;
			buildConfigurations = (
				F658F5BD1F34F12200BB5DCB /* Debug */,
				F658F5BE1F34F12200BB5DCB /* Release */,
			);
			defaultConfigurationIsVisible = 0;
		};
/* End XCConfigurationList section */
	};
	rootObject = F658F5A21F34F12200BB5DCB /* Project object */;
}
